
Microsoft Visual Studio Solution File, Format Version 12.00
# Visual Studio Version 17
VisualStudioVersion = 17.13.35913.81 d17.13
MinimumVisualStudioVersion = 10.0.40219.1
Project("{FAE04EC0-301F-11D3-BF4B-00C04F79EFBC}") = "ilkKonsolUygulama", "ilkKonsolUygulama\ilkKonsolUygulama.csproj", "{C1BFFC56-E248-4F1B-A3D8-1CEF9F5D2F62}"
EndProject
Global
	GlobalSection(SolutionConfigurationPlatforms) = preSolution
		Debug|Any CPU = Debug|Any CPU
		Release|Any CPU = Release|Any CPU
	EndGlobalSection
	GlobalSection(ProjectConfigurationPlatforms) = postSolution
		{C1BFFC56-E248-4F1B-A3D8-1CEF9F5D2F62}.Debug|Any CPU.ActiveCfg = Debug|Any CPU
		{C1BFFC56-E248-4F1B-A3D8-1CEF9F5D2F62}.Debug|Any CPU.Build.0 = Debug|Any CPU
		{C1BFFC56-E248-4F1B-A3D8-1CEF9F5D2F62}.Release|Any CPU.ActiveCfg = Release|Any CPU
		{C1BFFC56-E248-4F1B-A3D8-1CEF9F5D2F62}.Release|Any CPU.Build.0 = Release|Any CPU
	EndGlobalSection
	GlobalSection(SolutionProperties) = preSolution
		HideSolutionNode = FALSE
	EndGlobalSection
	GlobalSection(ExtensibilityGlobals) = postSolution
		SolutionGuid = {8FF97F05-0946-45DF-A432-289157E324C1}
	EndGlobalSection
EndGlobal
