
Microsoft Visual Studio Solution File, Format Version 12.00
# Visual Studio Version 17
VisualStudioVersion = 17.13.35919.96 d17.13
MinimumVisualStudioVersion = 10.0.40219.1
Project("{FAE04EC0-301F-11D3-BF4B-00C04F79EFBC}") = "FormUygulamalari", "FormUygulamalari.csproj", "{830C79B6-0211-4A41-AA1D-B4EB7B9EC6EF}"
EndProject
Global
	GlobalSection(SolutionConfigurationPlatforms) = preSolution
		Debug|Any CPU = Debug|Any CPU
		Release|Any CPU = Release|Any CPU
	EndGlobalSection
	GlobalSection(ProjectConfigurationPlatforms) = postSolution
		{830C79B6-0211-4A41-AA1D-B4EB7B9EC6EF}.Debug|Any CPU.ActiveCfg = Debug|Any CPU
		{830C79B6-0211-4A41-AA1D-B4EB7B9EC6EF}.Debug|Any CPU.Build.0 = Debug|Any CPU
		{830C79B6-0211-4A41-AA1D-B4EB7B9EC6EF}.Release|Any CPU.ActiveCfg = Release|Any CPU
		{830C79B6-0211-4A41-AA1D-B4EB7B9EC6EF}.Release|Any CPU.Build.0 = Release|Any CPU
	EndGlobalSection
	GlobalSection(SolutionProperties) = preSolution
		HideSolutionNode = FALSE
	EndGlobalSection
	GlobalSection(ExtensibilityGlobals) = postSolution
		SolutionGuid = {57B095AB-11CF-48E3-B8CF-730DEC08E9F4}
	EndGlobalSection
EndGlobal
