
Microsoft Visual Studio Solution File, Format Version 12.00
# Visual Studio Version 17
VisualStudioVersion = 17.14.36109.1 d17.14
MinimumVisualStudioVersion = 10.0.40219.1
Project("{FAE04EC0-301F-11D3-BF4B-00C04F79EFBC}") = "KalitimOrnekleri", "KalitimOrnekleri.csproj", "{99AC2876-4555-40DE-968A-A63C170E7E85}"
EndProject
Global
	GlobalSection(SolutionConfigurationPlatforms) = preSolution
		Debug|Any CPU = Debug|Any CPU
		Release|Any CPU = Release|Any CPU
	EndGlobalSection
	GlobalSection(ProjectConfigurationPlatforms) = postSolution
		{99AC2876-4555-40DE-968A-A63C170E7E85}.Debug|Any CPU.ActiveCfg = Debug|Any CPU
		{99AC2876-4555-40DE-968A-A63C170E7E85}.Debug|Any CPU.Build.0 = Debug|Any CPU
		{99AC2876-4555-40DE-968A-A63C170E7E85}.Release|Any CPU.ActiveCfg = Release|Any CPU
		{99AC2876-4555-40DE-968A-A63C170E7E85}.Release|Any CPU.Build.0 = Release|Any CPU
	EndGlobalSection
	GlobalSection(SolutionProperties) = preSolution
		HideSolutionNode = FALSE
	EndGlobalSection
	GlobalSection(ExtensibilityGlobals) = postSolution
		SolutionGuid = {E8D884F6-441F-4689-BFFD-CCC55FA903DE}
	EndGlobalSection
EndGlobal
